<?xml version="1.0" encoding="utf-8"?>
<Project ToolsVersion="4.0" xmlns="http://schemas.microsoft.com/developer/msbuild/2003">
  <ItemGroup>
    <ClCompile Include="Main.cpp" />
    <ClCompile Include="DigDugGame.cpp" />
    <ClCompile Include="FpsComponent.cpp">
      <Filter>Custom Components</Filter>
    </ClCompile>
    <ClCompile Include="InputTesterComponent.cpp">
      <Filter>Custom Components</Filter>
    </ClCompile>
    <ClCompile Include="pch.cpp" />
    <ClCompile Include="FSMTestRobot.cpp">
      <Filter>Testings</Filter>
    </ClCompile>
    <ClCompile Include="PlayerBehaviourComponent.cpp">
      <Filter>Custom Components</Filter>
    </ClCompile>
    <ClCompile Include="PookaBehaviourComponent.cpp">
      <Filter>Custom Components</Filter>
    </ClCompile>
    <ClCompile Include="GameManager.cpp">
      <Filter>Custom Components</Filter>
    </ClCompile>
  </ItemGroup>
  <ItemGroup>
    <ClInclude Include="targetver.h" />
    <ClInclude Include="DigDugGame.h" />
    <ClInclude Include="FpsComponent.h">
      <Filter>Custom Components</Filter>
    </ClInclude>
    <ClInclude Include="InputTesterComponent.h">
      <Filter>Custom Components</Filter>
    </ClInclude>
    <ClInclude Include="pch.h" />
    <ClInclude Include="FSMTestRobot.h">
      <Filter>Testings</Filter>
    </ClInclude>
    <ClInclude Include="PlayerBehaviourComponent.h">
      <Filter>Custom Components</Filter>
    </ClInclude>
    <ClInclude Include="PookaBehaviourComponent.h">
      <Filter>Custom Components</Filter>
    </ClInclude>
    <ClInclude Include="GameManager.h">
      <Filter>Custom Components</Filter>
    </ClInclude>
  </ItemGroup>
  <ItemGroup>
    <Filter Include="Configuration">
      <UniqueIdentifier>{c6782a27-3b56-41cf-bea5-a8b0d16fbd7f}</UniqueIdentifier>
    </Filter>
    <Filter Include="Testings">
      <UniqueIdentifier>{18be3fbe-f3ae-4e94-9f97-728209838836}</UniqueIdentifier>
    </Filter>
    <Filter Include="Custom Components">
      <UniqueIdentifier>{cc6a4878-3924-4765-828f-1a05ad6449ad}</UniqueIdentifier>
    </Filter>
  </ItemGroup>
  <ItemGroup>
    <None Include="Sprites.lua">
      <Filter>Configuration</Filter>
    </None>
  </ItemGroup>
</Project>