<?xml version="1.0" encoding="utf-8"?>
<Project ToolsVersion="4.0" xmlns="http://schemas.microsoft.com/developer/msbuild/2003">
  <ItemGroup>
    <Filter Include="Game">
      <UniqueIdentifier>{e5ed7b0d-3ba9-4e0a-97e8-b7ff450b465d}</UniqueIdentifier>
    </Filter>
    <Filter Include="Engine">
      <UniqueIdentifier>{c40bdde7-3c09-4b1c-8f1a-599ecc43d42d}</UniqueIdentifier>
    </Filter>
    <Filter Include="Engine\SceneObjects">
      <UniqueIdentifier>{504b3759-18c5-408f-b6d3-4d4f2f6021f8}</UniqueIdentifier>
    </Filter>
    <Filter Include="Engine\Managers">
      <UniqueIdentifier>{871ee17a-cd12-413c-a126-c9d8d6f32c6f}</UniqueIdentifier>
    </Filter>
    <Filter Include="Engine\Core">
      <UniqueIdentifier>{2252f95b-248e-49c0-a573-dd5e01ace0d4}</UniqueIdentifier>
    </Filter>
    <Filter Include="Engine\Components">
      <UniqueIdentifier>{4f8a395d-74fd-4b5d-afe8-a8a274c112ab}</UniqueIdentifier>
    </Filter>
    <Filter Include="Game\Custom Components">
      <UniqueIdentifier>{f9a039ba-ff0a-43a3-8125-78178cb9ea5f}</UniqueIdentifier>
    </Filter>
  </ItemGroup>
  <ItemGroup>
    <ClInclude Include="GameObject.h">
      <Filter>Engine\SceneObjects</Filter>
    </ClInclude>
    <ClInclude Include="SceneObject.h">
      <Filter>Engine\SceneObjects</Filter>
    </ClInclude>
    <ClInclude Include="InputManager.h">
      <Filter>Engine\Managers</Filter>
    </ClInclude>
    <ClInclude Include="ResourceManager.h">
      <Filter>Engine\Managers</Filter>
    </ClInclude>
    <ClInclude Include="SceneManager.h">
      <Filter>Engine\Managers</Filter>
    </ClInclude>
    <ClInclude Include="MiniginPCH.h" />
    <ClInclude Include="Log.h">
      <Filter>Engine\Core</Filter>
    </ClInclude>
    <ClInclude Include="Renderer.h">
      <Filter>Engine\Core</Filter>
    </ClInclude>
    <ClInclude Include="Scene.h">
      <Filter>Engine\Core</Filter>
    </ClInclude>
    <ClInclude Include="Singleton.h">
      <Filter>Engine\Core</Filter>
    </ClInclude>
    <ClInclude Include="targetver.h" />
    <ClInclude Include="Time.h">
      <Filter>Engine\Core</Filter>
    </ClInclude>
    <ClInclude Include="Font.h">
      <Filter>Engine\Core</Filter>
    </ClInclude>
    <ClInclude Include="BaseComponent.h">
      <Filter>Engine\Components</Filter>
    </ClInclude>
    <ClInclude Include="TransformComponent.h">
      <Filter>Engine\Components</Filter>
    </ClInclude>
    <ClInclude Include="RenderComponent.h">
      <Filter>Engine\Components</Filter>
    </ClInclude>
    <ClInclude Include="Texture2D.h">
      <Filter>Engine\Core</Filter>
    </ClInclude>
    <ClInclude Include="TextComponent.h">
      <Filter>Engine\Components</Filter>
    </ClInclude>
    <ClInclude Include="Minigin.h">
      <Filter>Game</Filter>
    </ClInclude>
    <ClInclude Include="Components.h">
      <Filter>Engine\Components</Filter>
    </ClInclude>
    <ClInclude Include="FpsComponent.h">
      <Filter>Game\Custom Components</Filter>
    </ClInclude>
  </ItemGroup>
  <ItemGroup>
    <ClCompile Include="GameObject.cpp">
      <Filter>Engine\SceneObjects</Filter>
    </ClCompile>
    <ClCompile Include="InputManager.cpp">
      <Filter>Engine\Managers</Filter>
    </ClCompile>
    <ClCompile Include="ResourceManager.cpp">
      <Filter>Engine\Managers</Filter>
    </ClCompile>
    <ClCompile Include="SceneManager.cpp">
      <Filter>Engine\Managers</Filter>
    </ClCompile>
    <ClCompile Include="MiniginPCH.cpp" />
    <ClCompile Include="Log.cpp">
      <Filter>Engine\Core</Filter>
    </ClCompile>
    <ClCompile Include="Renderer.cpp">
      <Filter>Engine\Core</Filter>
    </ClCompile>
    <ClCompile Include="Scene.cpp">
      <Filter>Engine\Core</Filter>
    </ClCompile>
    <ClCompile Include="Time.cpp">
      <Filter>Engine\Core</Filter>
    </ClCompile>
    <ClCompile Include="Font.cpp">
      <Filter>Engine\Core</Filter>
    </ClCompile>
    <ClCompile Include="BaseComponent.cpp">
      <Filter>Engine\Components</Filter>
    </ClCompile>
    <ClCompile Include="TransformComponent.cpp">
      <Filter>Engine\Components</Filter>
    </ClCompile>
    <ClCompile Include="RenderComponent.cpp">
      <Filter>Engine\Components</Filter>
    </ClCompile>
    <ClCompile Include="Texture2D.cpp">
      <Filter>Engine\Core</Filter>
    </ClCompile>
    <ClCompile Include="TextComponent.cpp">
      <Filter>Engine\Components</Filter>
    </ClCompile>
    <ClCompile Include="Minigin.cpp">
      <Filter>Game</Filter>
    </ClCompile>
    <ClCompile Include="Main.cpp">
      <Filter>Game</Filter>
    </ClCompile>
    <ClCompile Include="FpsComponent.cpp">
      <Filter>Game\Custom Components</Filter>
    </ClCompile>
  </ItemGroup>
</Project>